
Microsoft Visual Studio Solution File, Format Version 12.00
# Visual Studio 15
VisualStudioVersion = 15.0.26430.12
MinimumVisualStudioVersion = 10.0.40219.1
Project("{FAE04EC0-301F-11D3-BF4B-00C04F79EFBC}") = "Hackerrank", "Hackerrank\Hackerrank.csproj", "{AEE45B6B-F58A-43B2-B31A-04968AC5E53E}"
EndProject
Global
	GlobalSection(SolutionConfigurationPlatforms) = preSolution
		Debug|Any CPU = Debug|Any CPU
		Release|Any CPU = Release|Any CPU
	EndGlobalSection
	GlobalSection(ProjectConfigurationPlatforms) = postSolution
		{AEE45B6B-F58A-43B2-B31A-04968AC5E53E}.Debug|Any CPU.ActiveCfg = Debug|Any CPU
		{AEE45B6B-F58A-43B2-B31A-04968AC5E53E}.Debug|Any CPU.Build.0 = Debug|Any CPU
		{AEE45B6B-F58A-43B2-B31A-04968AC5E53E}.Release|Any CPU.ActiveCfg = Release|Any CPU
		{AEE45B6B-F58A-43B2-B31A-04968AC5E53E}.Release|Any CPU.Build.0 = Release|Any CPU
	EndGlobalSection
	GlobalSection(SolutionProperties) = preSolution
		HideSolutionNode = FALSE
	EndGlobalSection
EndGlobal
